
Microsoft Visual Studio Solution File, Format Version 12.00
# Visual Studio Version 17
VisualStudioVersion = 17.1.32228.430
MinimumVisualStudioVersion = 10.0.40219.1
Project("{9A19103F-16F7-4668-BE54-9A1E7A4F7556}") = "AlAnon", "AlAnon\AlAnon.csproj", "{00C37A8F-BB4B-4FC2-BD82-DEC25BB1A123}"
EndProject
Project("{2150E333-8FDC-42A3-9474-1A3956D46DE8}") = "BackEnd", "BackEnd", "{39E654F9-0326-4052-BA4F-0A69C25772D9}"
EndProject
Project("{2150E333-8FDC-42A3-9474-1A3956D46DE8}") = "API", "API", "{CF20F0EA-D254-4074-AC2B-BCB0CAF1A8A1}"
EndProject
Project("{9A19103F-16F7-4668-BE54-9A1E7A4F7556}") = "AlAnonAPI", "AlAnonAPI\AlAnonAPI.csproj", "{F8295F9D-9312-43A1-A019-4606950826D6}"
EndProject
Project("{2150E333-8FDC-42A3-9474-1A3956D46DE8}") = "FrontEnd", "FrontEnd", "{CD0084EA-D0CA-4F3E-AB36-A4D77C5D2CA1}"
EndProject
Project("{9A19103F-16F7-4668-BE54-9A1E7A4F7556}") = "AlAnonFront", "AlAnonFront\AlAnonFront.csproj", "{E8E1D79F-7373-4DAC-A753-12533A2F8CBD}"
EndProject
Global
	GlobalSection(SolutionConfigurationPlatforms) = preSolution
		Debug|Any CPU = Debug|Any CPU
		Release|Any CPU = Release|Any CPU
	EndGlobalSection
	GlobalSection(ProjectConfigurationPlatforms) = postSolution
		{00C37A8F-BB4B-4FC2-BD82-DEC25BB1A123}.Debug|Any CPU.ActiveCfg = Debug|Any CPU
		{00C37A8F-BB4B-4FC2-BD82-DEC25BB1A123}.Debug|Any CPU.Build.0 = Debug|Any CPU
		{00C37A8F-BB4B-4FC2-BD82-DEC25BB1A123}.Release|Any CPU.ActiveCfg = Release|Any CPU
		{00C37A8F-BB4B-4FC2-BD82-DEC25BB1A123}.Release|Any CPU.Build.0 = Release|Any CPU
		{F8295F9D-9312-43A1-A019-4606950826D6}.Debug|Any CPU.ActiveCfg = Debug|Any CPU
		{F8295F9D-9312-43A1-A019-4606950826D6}.Debug|Any CPU.Build.0 = Debug|Any CPU
		{F8295F9D-9312-43A1-A019-4606950826D6}.Release|Any CPU.ActiveCfg = Release|Any CPU
		{F8295F9D-9312-43A1-A019-4606950826D6}.Release|Any CPU.Build.0 = Release|Any CPU
		{E8E1D79F-7373-4DAC-A753-12533A2F8CBD}.Debug|Any CPU.ActiveCfg = Debug|Any CPU
		{E8E1D79F-7373-4DAC-A753-12533A2F8CBD}.Debug|Any CPU.Build.0 = Debug|Any CPU
		{E8E1D79F-7373-4DAC-A753-12533A2F8CBD}.Release|Any CPU.ActiveCfg = Release|Any CPU
		{E8E1D79F-7373-4DAC-A753-12533A2F8CBD}.Release|Any CPU.Build.0 = Release|Any CPU
	EndGlobalSection
	GlobalSection(SolutionProperties) = preSolution
		HideSolutionNode = FALSE
	EndGlobalSection
	GlobalSection(NestedProjects) = preSolution
		{00C37A8F-BB4B-4FC2-BD82-DEC25BB1A123} = {39E654F9-0326-4052-BA4F-0A69C25772D9}
		{F8295F9D-9312-43A1-A019-4606950826D6} = {CF20F0EA-D254-4074-AC2B-BCB0CAF1A8A1}
		{E8E1D79F-7373-4DAC-A753-12533A2F8CBD} = {CD0084EA-D0CA-4F3E-AB36-A4D77C5D2CA1}
	EndGlobalSection
	GlobalSection(ExtensibilityGlobals) = postSolution
		SolutionGuid = {1DF1CF0B-E7D4-4E92-B92B-A1C758707018}
	EndGlobalSection
EndGlobal
